
Microsoft Visual Studio Solution File, Format Version 12.00
# Visual Studio Version 16
VisualStudioVersion = 16.0.31205.134
MinimumVisualStudioVersion = 10.0.40219.1
Project("{FAE04EC0-301F-11D3-BF4B-00C04F79EFBC}") = "graphicsDemo", "graphicsDemo\graphicsDemo.csproj", "{3EA9EEC5-6A76-49FD-99FD-3B0BE38C6713}"
EndProject
Global
	GlobalSection(SolutionConfigurationPlatforms) = preSolution
		Debug|Any CPU = Debug|Any CPU
		Release|Any CPU = Release|Any CPU
	EndGlobalSection
	GlobalSection(ProjectConfigurationPlatforms) = postSolution
		{3EA9EEC5-6A76-49FD-99FD-3B0BE38C6713}.Debug|Any CPU.ActiveCfg = Debug|Any CPU
		{3EA9EEC5-6A76-49FD-99FD-3B0BE38C6713}.Debug|Any CPU.Build.0 = Debug|Any CPU
		{3EA9EEC5-6A76-49FD-99FD-3B0BE38C6713}.Release|Any CPU.ActiveCfg = Release|Any CPU
		{3EA9EEC5-6A76-49FD-99FD-3B0BE38C6713}.Release|Any CPU.Build.0 = Release|Any CPU
	EndGlobalSection
	GlobalSection(SolutionProperties) = preSolution
		HideSolutionNode = FALSE
	EndGlobalSection
	GlobalSection(ExtensibilityGlobals) = postSolution
		SolutionGuid = {8918BE07-B631-46AC-B6D2-D37FE393E975}
	EndGlobalSection
EndGlobal
